dependencies:
- name: yas-configuration
  repository: file://../yas/k8s/charts/yas-configuration
  version: 0.4.0
- name: backoffice-bff
  repository: file://../yas/k8s/charts/backoffice-bff
  version: 0.1.0
- name: backoffice-ui
  repository: file://../yas/k8s/charts/backoffice-ui
  version: 0.1.0
- name: storefront-bff
  repository: file://../yas/k8s/charts/storefront-bff
  version: 0.1.0
- name: storefront-ui
  repository: file://../yas/k8s/charts/storefront-ui
  version: 0.1.0
- name: swagger-ui
  repository: file://../yas/k8s/charts/swagger-ui
  version: 0.1.0
- name: cart
  repository: file://../yas/k8s/charts/cart
  version: 0.2.0
- name: customer
  repository: file://../yas/k8s/charts/customer
  version: 0.1.0
- name: inventory
  repository: file://../yas/k8s/charts/inventory
  version: 0.1.0
- name: media
  repository: file://../yas/k8s/charts/media
  version: 0.1.0
- name: order
  repository: file://../yas/k8s/charts/order
  version: 0.2.0
- name: product
  repository: file://../yas/k8s/charts/product
  version: 0.1.0
- name: search
  repository: file://../yas/k8s/charts/search
  version: 0.1.0
- name: tax
  repository: file://../yas/k8s/charts/tax
  version: 0.1.0
- name: sampledata
  repository: file://../yas/k8s/charts/sampledata
  version: 0.1.0
digest: sha256:bd28951e64cf309e857087c8e418e3f7b5b96403036386c7aa060c1df6b7b49a
generated: "2026-06-23T18:42:20.1929302+07:00"
