dependencies:
- name: yas-configuration
  repository: file://../yas/k8s/charts/yas-configuration
  version: 0.4.0
- name: storefront-bff
  repository: file://../yas/k8s/charts/storefront-bff
  version: 0.1.0
- name: swagger-ui
  repository: file://../yas/k8s/charts/swagger-ui
  version: 0.1.0
- name: cart
  repository: file://../yas/k8s/charts/cart
  version: 0.2.0
- name: customer
  repository: file://../yas/k8s/charts/customer
  version: 0.1.0
- name: sampledata
  repository: file://../yas/k8s/charts/sampledata
  version: 0.1.0
digest: sha256:5fff929ddfedbda7aca2c2cc0e904f010942125936e9fbafa92103dee353e6c5
generated: "2026-06-22T21:13:41.0107983+07:00"
