dependencies:
- name: yas-configuration
  repository: file://../yas/k8s/charts/yas-configuration
  version: 0.4.0
- name: backoffice-bff
  repository: file://../yas/k8s/charts/backoffice-bff
  version: 0.1.0
- name: backoffice-ui
  repository: file://../yas/k8s/charts/backoffice-ui
  version: 0.1.0
- name: storefront-bff
  repository: file://../yas/k8s/charts/storefront-bff
  version: 0.1.0
- name: storefront-ui
  repository: file://../yas/k8s/charts/storefront-ui
  version: 0.1.0
- name: swagger-ui
  repository: file://../yas/k8s/charts/swagger-ui
  version: 0.1.0
- name: cart
  repository: file://../yas/k8s/charts/cart
  version: 0.2.0
digest: sha256:308e7b69f6f585d1a40e014b0f169cc79ead191bdebbc8c4a513cd23bc870375
generated: "2026-06-23T20:34:29.2807541+07:00"
